// !$*UTF8*$!
{
	archiveVersion = 1;
	classes = {
	};
	objectVersion = 50;
	objects = {

/* Begin PBXBuildFile section */
		3A79B36924061C7B00C9815E /* CoutingValleys.swift in Sources */ = {isa = PBXBuildFile; fileRef = 3A79B36824061C7B00C9815E /* CoutingValleys.swift */; };
		3A79B36B24061C9900C9815E /* JumpingOnClouds.swift in Sources */ = {isa = PBXBuildFile; fileRef = 3A79B36A24061C9900C9815E /* JumpingOnClouds.swift */; };
		3A79B36D24061CB900C9815E /* RepeatedString.swift in Sources */ = {isa = PBXBuildFile; fileRef = 3A79B36C24061CB900C9815E /* RepeatedString.swift */; };
		3A79B36F24061CE700C9815E /* MakeAnagram.swift in Sources */ = {isa = PBXBuildFile; fileRef = 3A79B36E24061CE700C9815E /* MakeAnagram.swift */; };
		3A79B37124061D0500C9815E /* TwoStrings.swift in Sources */ = {isa = PBXBuildFile; fileRef = 3A79B37024061D0500C9815E /* TwoStrings.swift */; };
		3A79B37324061D2300C9815E /* SherlockAndAnagrams.swift in Sources */ = {isa = PBXBuildFile; fileRef = 3A79B37224061D2300C9815E /* SherlockAndAnagrams.swift */; };
		3A79B37524061D3F00C9815E /* CountTriplets.swift in Sources */ = {isa = PBXBuildFile; fileRef = 3A79B37424061D3F00C9815E /* CountTriplets.swift */; };
		3A79B37724061D7300C9815E /* FreqQuery.swift in Sources */ = {isa = PBXBuildFile; fileRef = 3A79B37624061D7300C9815E /* FreqQuery.swift */; };
		3A79B37924061DB000C9815E /* MinimumAbsoluteDifference.swift in Sources */ = {isa = PBXBuildFile; fileRef = 3A79B37824061DB000C9815E /* MinimumAbsoluteDifference.swift */; };
		3A79B37C24061DF200C9815E /* String+Extension.swift in Sources */ = {isa = PBXBuildFile; fileRef = 3A79B37B24061DF200C9815E /* String+Extension.swift */; };
		3A873CED23EA804900A37265 /* main.swift in Sources */ = {isa = PBXBuildFile; fileRef = 3A873CEC23EA804800A37265 /* main.swift */; };
/* End PBXBuildFile section */

/* Begin PBXCopyFilesBuildPhase section */
		3A873CE723EA804800A37265 /* CopyFiles */ = {
			isa = PBXCopyFilesBuildPhase;
			buildActionMask = 2147483647;
			dstPath = /usr/share/man/man1/;
			dstSubfolderSpec = 0;
			files = (
			);
			runOnlyForDeploymentPostprocessing = 1;
		};
/* End PBXCopyFilesBuildPhase section */

/* Begin PBXFileReference section */
		3A79B36824061C7B00C9815E /* CoutingValleys.swift */ = {isa = PBXFileReference; lastKnownFileType = sourcecode.swift; path = CoutingValleys.swift; sourceTree = "<group>"; };
		3A79B36A24061C9900C9815E /* JumpingOnClouds.swift */ = {isa = PBXFileReference; lastKnownFileType = sourcecode.swift; path = JumpingOnClouds.swift; sourceTree = "<group>"; };
		3A79B36C24061CB900C9815E /* RepeatedString.swift */ = {isa = PBXFileReference; lastKnownFileType = sourcecode.swift; path = RepeatedString.swift; sourceTree = "<group>"; };
		3A79B36E24061CE700C9815E /* MakeAnagram.swift */ = {isa = PBXFileReference; lastKnownFileType = sourcecode.swift; path = MakeAnagram.swift; sourceTree = "<group>"; };
		3A79B37024061D0500C9815E /* TwoStrings.swift */ = {isa = PBXFileReference; lastKnownFileType = sourcecode.swift; path = TwoStrings.swift; sourceTree = "<group>"; };
		3A79B37224061D2300C9815E /* SherlockAndAnagrams.swift */ = {isa = PBXFileReference; lastKnownFileType = sourcecode.swift; path = SherlockAndAnagrams.swift; sourceTree = "<group>"; };
		3A79B37424061D3F00C9815E /* CountTriplets.swift */ = {isa = PBXFileReference; lastKnownFileType = sourcecode.swift; path = CountTriplets.swift; sourceTree = "<group>"; };
		3A79B37624061D7300C9815E /* FreqQuery.swift */ = {isa = PBXFileReference; lastKnownFileType = sourcecode.swift; path = FreqQuery.swift; sourceTree = "<group>"; };
		3A79B37824061DB000C9815E /* MinimumAbsoluteDifference.swift */ = {isa = PBXFileReference; lastKnownFileType = sourcecode.swift; path = MinimumAbsoluteDifference.swift; sourceTree = "<group>"; };
		3A79B37B24061DF200C9815E /* String+Extension.swift */ = {isa = PBXFileReference; lastKnownFileType = sourcecode.swift; path = "String+Extension.swift"; sourceTree = "<group>"; };
		3A873CE923EA804800A37265 /* HackerRankPractice */ = {isa = PBXFileReference; explicitFileType = "compiled.mach-o.executable"; includeInIndex = 0; path = HackerRankPractice; sourceTree = BUILT_PRODUCTS_DIR; };
		3A873CEC23EA804800A37265 /* main.swift */ = {isa = PBXFileReference; lastKnownFileType = sourcecode.swift; path = main.swift; sourceTree = "<group>"; };
/* End PBXFileReference section */

/* Begin PBXFrameworksBuildPhase section */
		3A873CE623EA804800A37265 /* Frameworks */ = {
			isa = PBXFrameworksBuildPhase;
			buildActionMask = 2147483647;
			files = (
			);
			runOnlyForDeploymentPostprocessing = 0;
		};
/* End PBXFrameworksBuildPhase section */

/* Begin PBXGroup section */
		3A79B37A24061DE000C9815E /* Helpers */ = {
			isa = PBXGroup;
			children = (
				3A79B37B24061DF200C9815E /* String+Extension.swift */,
			);
			path = Helpers;
			sourceTree = "<group>";
		};
		3A873CE023EA804800A37265 = {
			isa = PBXGroup;
			children = (
				3A873CEB23EA804800A37265 /* HackerRankPractice */,
				3A873CEA23EA804800A37265 /* Products */,
			);
			sourceTree = "<group>";
		};
		3A873CEA23EA804800A37265 /* Products */ = {
			isa = PBXGroup;
			children = (
				3A873CE923EA804800A37265 /* HackerRankPractice */,
			);
			name = Products;
			sourceTree = "<group>";
		};
		3A873CEB23EA804800A37265 /* HackerRankPractice */ = {
			isa = PBXGroup;
			children = (
				3A873CEC23EA804800A37265 /* main.swift */,
				3A79B36824061C7B00C9815E /* CoutingValleys.swift */,
				3A79B36A24061C9900C9815E /* JumpingOnClouds.swift */,
				3A79B36C24061CB900C9815E /* RepeatedString.swift */,
				3A79B36E24061CE700C9815E /* MakeAnagram.swift */,
				3A79B37024061D0500C9815E /* TwoStrings.swift */,
				3A79B37224061D2300C9815E /* SherlockAndAnagrams.swift */,
				3A79B37424061D3F00C9815E /* CountTriplets.swift */,
				3A79B37624061D7300C9815E /* FreqQuery.swift */,
				3A79B37824061DB000C9815E /* MinimumAbsoluteDifference.swift */,
				3A79B37A24061DE000C9815E /* Helpers */,
			);
			path = HackerRankPractice;
			sourceTree = "<group>";
		};
/* End PBXGroup section */

/* Begin PBXNativeTarget section */
		3A873CE823EA804800A37265 /* HackerRankPractice */ = {
			isa = PBXNativeTarget;
			buildConfigurationList = 3A873CF023EA804900A37265 /* Build configuration list for PBXNativeTarget "HackerRankPractice" */;
			buildPhases = (
				3A873CE523EA804800A37265 /* Sources */,
				3A873CE623EA804800A37265 /* Frameworks */,
				3A873CE723EA804800A37265 /* CopyFiles */,
			);
			buildRules = (
			);
			dependencies = (
			);
			name = HackerRankPractice;
			productName = LungTung;
			productReference = 3A873CE923EA804800A37265 /* HackerRankPractice */;
			productType = "com.apple.product-type.tool";
		};
/* End PBXNativeTarget section */

/* Begin PBXProject section */
		3A873CE123EA804800A37265 /* Project object */ = {
			isa = PBXProject;
			attributes = {
				LastSwiftUpdateCheck = 1130;
				LastUpgradeCheck = 1130;
				ORGANIZATIONNAME = NVG;
				TargetAttributes = {
					3A873CE823EA804800A37265 = {
						CreatedOnToolsVersion = 11.3.1;
					};
				};
			};
			buildConfigurationList = 3A873CE423EA804800A37265 /* Build configuration list for PBXProject "HackerRankPractice" */;
			compatibilityVersion = "Xcode 9.3";
			developmentRegion = en;
			hasScannedForEncodings = 0;
			knownRegions = (
				en,
				Base,
			);
			mainGroup = 3A873CE023EA804800A37265;
			productRefGroup = 3A873CEA23EA804800A37265 /* Products */;
			projectDirPath = "";
			projectRoot = "";
			targets = (
				3A873CE823EA804800A37265 /* HackerRankPractice */,
			);
		};
/* End PBXProject section */

/* Begin PBXSourcesBuildPhase section */
		3A873CE523EA804800A37265 /* Sources */ = {
			isa = PBXSourcesBuildPhase;
			buildActionMask = 2147483647;
			files = (
				3A79B37924061DB000C9815E /* MinimumAbsoluteDifference.swift in Sources */,
				3A79B37C24061DF200C9815E /* String+Extension.swift in Sources */,
				3A79B36D24061CB900C9815E /* RepeatedString.swift in Sources */,
				3A79B37124061D0500C9815E /* TwoStrings.swift in Sources */,
				3A79B36924061C7B00C9815E /* CoutingValleys.swift in Sources */,
				3A79B36F24061CE700C9815E /* MakeAnagram.swift in Sources */,
				3A79B37324061D2300C9815E /* SherlockAndAnagrams.swift in Sources */,
				3A79B36B24061C9900C9815E /* JumpingOnClouds.swift in Sources */,
				3A79B37524061D3F00C9815E /* CountTriplets.swift in Sources */,
				3A873CED23EA804900A37265 /* main.swift in Sources */,
				3A79B37724061D7300C9815E /* FreqQuery.swift in Sources */,
			);
			runOnlyForDeploymentPostprocessing = 0;
		};
/* End PBXSourcesBuildPhase section */

/* Begin XCBuildConfiguration section */
		3A873CEE23EA804900A37265 /* Debug */ = {
			isa = XCBuildConfiguration;
			buildSettings = {
				ALWAYS_SEARCH_USER_PATHS = NO;
				CLANG_ANALYZER_NONNULL = YES;
				CLANG_ANALYZER_NUMBER_OBJECT_CONVERSION = YES_AGGRESSIVE;
				CLANG_CXX_LANGUAGE_STANDARD = "gnu++14";
				CLANG_CXX_LIBRARY = "libc++";
				CLANG_ENABLE_MODULES = YES;
				CLANG_ENABLE_OBJC_ARC = YES;
				CLANG_ENABLE_OBJC_WEAK = YES;
				CLANG_WARN_BLOCK_CAPTURE_AUTORELEASING = YES;
				CLANG_WARN_BOOL_CONVERSION = YES;
				CLANG_WARN_COMMA = YES;
				CLANG_WARN_CONSTANT_CONVERSION = YES;
				CLANG_WARN_DEPRECATED_OBJC_IMPLEMENTATIONS = YES;
				CLANG_WARN_DIRECT_OBJC_ISA_USAGE = YES_ERROR;
				CLANG_WARN_DOCUMENTATION_COMMENTS = YES;
				CLANG_WARN_EMPTY_BODY = YES;
				CLANG_WARN_ENUM_CONVERSION = YES;
				CLANG_WARN_INFINITE_RECURSION = YES;
				CLANG_WARN_INT_CONVERSION = YES;
				CLANG_WARN_NON_LITERAL_NULL_CONVERSION = YES;
				CLANG_WARN_OBJC_IMPLICIT_RETAIN_SELF = YES;
				CLANG_WARN_OBJC_LITERAL_CONVERSION = YES;
				CLANG_WARN_OBJC_ROOT_CLASS = YES_ERROR;
				CLANG_WARN_RANGE_LOOP_ANALYSIS = YES;
				CLANG_WARN_STRICT_PROTOTYPES = YES;
				CLANG_WARN_SUSPICIOUS_MOVE = YES;
				CLANG_WARN_UNGUARDED_AVAILABILITY = YES_AGGRESSIVE;
				CLANG_WARN_UNREACHABLE_CODE = YES;
				CLANG_WARN__DUPLICATE_METHOD_MATCH = YES;
				COPY_PHASE_STRIP = NO;
				DEBUG_INFORMATION_FORMAT = dwarf;
				ENABLE_STRICT_OBJC_MSGSEND = YES;
				ENABLE_TESTABILITY = YES;
				GCC_C_LANGUAGE_STANDARD = gnu11;
				GCC_DYNAMIC_NO_PIC = NO;
				GCC_NO_COMMON_BLOCKS = YES;
				GCC_OPTIMIZATION_LEVEL = 0;
				GCC_PREPROCESSOR_DEFINITIONS = (
					"DEBUG=1",
					"$(inherited)",
				);
				GCC_WARN_64_TO_32_BIT_CONVERSION = YES;
				GCC_WARN_ABOUT_RETURN_TYPE = YES_ERROR;
				GCC_WARN_UNDECLARED_SELECTOR = YES;
				GCC_WARN_UNINITIALIZED_AUTOS = YES_AGGRESSIVE;
				GCC_WARN_UNUSED_FUNCTION = YES;
				GCC_WARN_UNUSED_VARIABLE = YES;
				MACOSX_DEPLOYMENT_TARGET = 10.14;
				MTL_ENABLE_DEBUG_INFO = INCLUDE_SOURCE;
				MTL_FAST_MATH = YES;
				ONLY_ACTIVE_ARCH = YES;
				SDKROOT = macosx;
				SWIFT_ACTIVE_COMPILATION_CONDITIONS = DEBUG;
				SWIFT_OPTIMIZATION_LEVEL = "-Onone";
			};
			name = Debug;
		};
		3A873CEF23EA804900A37265 /* Release */ = {
			isa = XCBuildConfiguration;
			buildSettings = {
				ALWAYS_SEARCH_USER_PATHS = NO;
				CLANG_ANALYZER_NONNULL = YES;
				CLANG_ANALYZER_NUMBER_OBJECT_CONVERSION = YES_AGGRESSIVE;
				CLANG_CXX_LANGUAGE_STANDARD = "gnu++14";
				CLANG_CXX_LIBRARY = "libc++";
				CLANG_ENABLE_MODULES = YES;
				CLANG_ENABLE_OBJC_ARC = YES;
				CLANG_ENABLE_OBJC_WEAK = YES;
				CLANG_WARN_BLOCK_CAPTURE_AUTORELEASING = YES;
				CLANG_WARN_BOOL_CONVERSION = YES;
				CLANG_WARN_COMMA = YES;
				CLANG_WARN_CONSTANT_CONVERSION = YES;
				CLANG_WARN_DEPRECATED_OBJC_IMPLEMENTATIONS = YES;
				CLANG_WARN_DIRECT_OBJC_ISA_USAGE = YES_ERROR;
				CLANG_WARN_DOCUMENTATION_COMMENTS = YES;
				CLANG_WARN_EMPTY_BODY = YES;
				CLANG_WARN_ENUM_CONVERSION = YES;
				CLANG_WARN_INFINITE_RECURSION = YES;
				CLANG_WARN_INT_CONVERSION = YES;
				CLANG_WARN_NON_LITERAL_NULL_CONVERSION = YES;
				CLANG_WARN_OBJC_IMPLICIT_RETAIN_SELF = YES;
				CLANG_WARN_OBJC_LITERAL_CONVERSION = YES;
				CLANG_WARN_OBJC_ROOT_CLASS = YES_ERROR;
				CLANG_WARN_RANGE_LOOP_ANALYSIS = YES;
				CLANG_WARN_STRICT_PROTOTYPES = YES;
				CLANG_WARN_SUSPICIOUS_MOVE = YES;
				CLANG_WARN_UNGUARDED_AVAILABILITY = YES_AGGRESSIVE;
				CLANG_WARN_UNREACHABLE_CODE = YES;
				CLANG_WARN__DUPLICATE_METHOD_MATCH = YES;
				COPY_PHASE_STRIP = NO;
				DEBUG_INFORMATION_FORMAT = "dwarf-with-dsym";
				ENABLE_NS_ASSERTIONS = NO;
				ENABLE_STRICT_OBJC_MSGSEND = YES;
				GCC_C_LANGUAGE_STANDARD = gnu11;
				GCC_NO_COMMON_BLOCKS = YES;
				GCC_WARN_64_TO_32_BIT_CONVERSION = YES;
				GCC_WARN_ABOUT_RETURN_TYPE = YES_ERROR;
				GCC_WARN_UNDECLARED_SELECTOR = YES;
				GCC_WARN_UNINITIALIZED_AUTOS = YES_AGGRESSIVE;
				GCC_WARN_UNUSED_FUNCTION = YES;
				GCC_WARN_UNUSED_VARIABLE = YES;
				MACOSX_DEPLOYMENT_TARGET = 10.14;
				MTL_ENABLE_DEBUG_INFO = NO;
				MTL_FAST_MATH = YES;
				SDKROOT = macosx;
				SWIFT_COMPILATION_MODE = wholemodule;
				SWIFT_OPTIMIZATION_LEVEL = "-O";
			};
			name = Release;
		};
		3A873CF123EA804900A37265 /* Debug */ = {
			isa = XCBuildConfiguration;
			buildSettings = {
				CODE_SIGN_STYLE = Automatic;
				DEVELOPMENT_TEAM = 7L57S9CGB9;
				ENABLE_HARDENED_RUNTIME = YES;
				PRODUCT_NAME = "$(TARGET_NAME)";
				SWIFT_VERSION = 5.0;
			};
			name = Debug;
		};
		3A873CF223EA804900A37265 /* Release */ = {
			isa = XCBuildConfiguration;
			buildSettings = {
				CODE_SIGN_STYLE = Automatic;
				DEVELOPMENT_TEAM = 7L57S9CGB9;
				ENABLE_HARDENED_RUNTIME = YES;
				PRODUCT_NAME = "$(TARGET_NAME)";
				SWIFT_VERSION = 5.0;
			};
			name = Release;
		};
/* End XCBuildConfiguration section */

/* Begin XCConfigurationList section */
		3A873CE423EA804800A37265 /* Build configuration list for PBXProject "HackerRankPractice" */ = {
			isa = XCConfigurationList;
			buildConfigurations = (
				3A873CEE23EA804900A37265 /* Debug */,
				3A873CEF23EA804900A37265 /* Release */,
			);
			defaultConfigurationIsVisible = 0;
			defaultConfigurationName = Release;
		};
		3A873CF023EA804900A37265 /* Build configuration list for PBXNativeTarget "HackerRankPractice" */ = {
			isa = XCConfigurationList;
			buildConfigurations = (
				3A873CF123EA804900A37265 /* Debug */,
				3A873CF223EA804900A37265 /* Release */,
			);
			defaultConfigurationIsVisible = 0;
			defaultConfigurationName = Release;
		};
/* End XCConfigurationList section */
	};
	rootObject = 3A873CE123EA804800A37265 /* Project object */;
}
